
Microsoft Visual Studio Solution File, Format Version 12.00
# Visual Studio Version 16
VisualStudioVersion = 25.0.1705.2
MinimumVisualStudioVersion = 10.0.40219.1
Project("{FAE04EC0-301F-11D3-BF4B-00C04F79EFBC}") = "BPMCase", "BPMCase\BPMCase.csproj", "{EE3AC650-EA75-46F6-A193-A43136DB4D4A}"
EndProject
Project("{FAE04EC0-301F-11D3-BF4B-00C04F79EFBC}") = "OCRLibrary", "OCRLibrary\OCRLibrary.csproj", "{86F76850-F01C-4118-B9F7-B79B8BCB3499}"
EndProject
Project("{FAE04EC0-301F-11D3-BF4B-00C04F79EFBC}") = "DocumentTypeDecider", "DocumentTypeDecider\DocumentTypeDecider.csproj", "{FB33C23E-0489-4C35-A50C-A0E8F3563964}"
EndProject
Global
	GlobalSection(SolutionConfigurationPlatforms) = preSolution
		Debug|Any CPU = Debug|Any CPU
		Release|Any CPU = Release|Any CPU
	EndGlobalSection
	GlobalSection(ProjectConfigurationPlatforms) = postSolution
		{EE3AC650-EA75-46F6-A193-A43136DB4D4A}.Debug|Any CPU.ActiveCfg = Debug|Any CPU
		{EE3AC650-EA75-46F6-A193-A43136DB4D4A}.Debug|Any CPU.Build.0 = Debug|Any CPU
		{EE3AC650-EA75-46F6-A193-A43136DB4D4A}.Release|Any CPU.ActiveCfg = Release|Any CPU
		{EE3AC650-EA75-46F6-A193-A43136DB4D4A}.Release|Any CPU.Build.0 = Release|Any CPU
		{86F76850-F01C-4118-B9F7-B79B8BCB3499}.Debug|Any CPU.ActiveCfg = Debug|Any CPU
		{86F76850-F01C-4118-B9F7-B79B8BCB3499}.Debug|Any CPU.Build.0 = Debug|Any CPU
		{86F76850-F01C-4118-B9F7-B79B8BCB3499}.Release|Any CPU.ActiveCfg = Release|Any CPU
		{86F76850-F01C-4118-B9F7-B79B8BCB3499}.Release|Any CPU.Build.0 = Release|Any CPU
		{FB33C23E-0489-4C35-A50C-A0E8F3563964}.Debug|Any CPU.ActiveCfg = Debug|Any CPU
		{FB33C23E-0489-4C35-A50C-A0E8F3563964}.Debug|Any CPU.Build.0 = Debug|Any CPU
		{FB33C23E-0489-4C35-A50C-A0E8F3563964}.Release|Any CPU.ActiveCfg = Release|Any CPU
		{FB33C23E-0489-4C35-A50C-A0E8F3563964}.Release|Any CPU.Build.0 = Release|Any CPU
	EndGlobalSection
	GlobalSection(SolutionProperties) = preSolution
		HideSolutionNode = FALSE
	EndGlobalSection
	GlobalSection(ExtensibilityGlobals) = postSolution
		SolutionGuid = {2FE280CE-2CBF-46D6-B4E1-686207B7E8EE}
	EndGlobalSection
EndGlobal
